
Microsoft Visual Studio Solution File, Format Version 12.00
# Visual Studio Version 17
VisualStudioVersion = 17.1.32228.430
MinimumVisualStudioVersion = 10.0.40219.1
Project("{FAE04EC0-301F-11D3-BF4B-00C04F79EFBC}") = "Calculadora", "Calculadora\Calculadora.csproj", "{558FB5C9-7AD4-4BBC-86EF-34279A258E79}"
EndProject
Global
	GlobalSection(SolutionConfigurationPlatforms) = preSolution
		Debug|Any CPU = Debug|Any CPU
		Release|Any CPU = Release|Any CPU
	EndGlobalSection
	GlobalSection(ProjectConfigurationPlatforms) = postSolution
		{558FB5C9-7AD4-4BBC-86EF-34279A258E79}.Debug|Any CPU.ActiveCfg = Debug|Any CPU
		{558FB5C9-7AD4-4BBC-86EF-34279A258E79}.Debug|Any CPU.Build.0 = Debug|Any CPU
		{558FB5C9-7AD4-4BBC-86EF-34279A258E79}.Release|Any CPU.ActiveCfg = Release|Any CPU
		{558FB5C9-7AD4-4BBC-86EF-34279A258E79}.Release|Any CPU.Build.0 = Release|Any CPU
	EndGlobalSection
	GlobalSection(SolutionProperties) = preSolution
		HideSolutionNode = FALSE
	EndGlobalSection
	GlobalSection(ExtensibilityGlobals) = postSolution
		SolutionGuid = {5956EADC-5350-42A9-89EF-413F2BF78C6F}
	EndGlobalSection
EndGlobal
